
Microsoft Visual Studio Solution File, Format Version 12.00
# Visual Studio Version 17
VisualStudioVersion = 17.4.33205.214
MinimumVisualStudioVersion = 10.0.40219.1
Project("{9A19103F-16F7-4668-BE54-9A1E7A4F7556}") = "TMDBapi", "TMDBapi\TMDBapi.csproj", "{65477DA1-B801-483A-BA96-969BD5AD5668}"
EndProject
Project("{9A19103F-16F7-4668-BE54-9A1E7A4F7556}") = "ApiTMDB.MOD", "ApiTMDB.MOD\ApiTMDB.MOD.csproj", "{42F6F9D4-09F0-4376-8481-D806A9B00739}"
EndProject
Project("{9A19103F-16F7-4668-BE54-9A1E7A4F7556}") = "ApiTMDB.BLL", "ApiTMDB.BLL\ApiTMDB.BLL.csproj", "{2CCFAF93-7A04-4C85-BD12-3186702EC31F}"
EndProject
Project("{9A19103F-16F7-4668-BE54-9A1E7A4F7556}") = "ApiTMDB.DAL", "ApiTMDB.DAL\ApiTMDB.DAL.csproj", "{71A97B81-8BD0-4410-B3A5-273B0E287C30}"
EndProject
Project("{FAE04EC0-301F-11D3-BF4B-00C04F79EFBC}") = "ApiToken", "ApiToken\ApiToken.csproj", "{B7904E89-C0B1-4288-BAE5-422AC27EE09F}"
EndProject
Global
	GlobalSection(SolutionConfigurationPlatforms) = preSolution
		Debug|Any CPU = Debug|Any CPU
		Release|Any CPU = Release|Any CPU
	EndGlobalSection
	GlobalSection(ProjectConfigurationPlatforms) = postSolution
		{65477DA1-B801-483A-BA96-969BD5AD5668}.Debug|Any CPU.ActiveCfg = Debug|Any CPU
		{65477DA1-B801-483A-BA96-969BD5AD5668}.Debug|Any CPU.Build.0 = Debug|Any CPU
		{65477DA1-B801-483A-BA96-969BD5AD5668}.Release|Any CPU.ActiveCfg = Release|Any CPU
		{65477DA1-B801-483A-BA96-969BD5AD5668}.Release|Any CPU.Build.0 = Release|Any CPU
		{42F6F9D4-09F0-4376-8481-D806A9B00739}.Debug|Any CPU.ActiveCfg = Debug|Any CPU
		{42F6F9D4-09F0-4376-8481-D806A9B00739}.Debug|Any CPU.Build.0 = Debug|Any CPU
		{42F6F9D4-09F0-4376-8481-D806A9B00739}.Release|Any CPU.ActiveCfg = Release|Any CPU
		{42F6F9D4-09F0-4376-8481-D806A9B00739}.Release|Any CPU.Build.0 = Release|Any CPU
		{2CCFAF93-7A04-4C85-BD12-3186702EC31F}.Debug|Any CPU.ActiveCfg = Debug|Any CPU
		{2CCFAF93-7A04-4C85-BD12-3186702EC31F}.Debug|Any CPU.Build.0 = Debug|Any CPU
		{2CCFAF93-7A04-4C85-BD12-3186702EC31F}.Release|Any CPU.ActiveCfg = Release|Any CPU
		{2CCFAF93-7A04-4C85-BD12-3186702EC31F}.Release|Any CPU.Build.0 = Release|Any CPU
		{71A97B81-8BD0-4410-B3A5-273B0E287C30}.Debug|Any CPU.ActiveCfg = Debug|Any CPU
		{71A97B81-8BD0-4410-B3A5-273B0E287C30}.Debug|Any CPU.Build.0 = Debug|Any CPU
		{71A97B81-8BD0-4410-B3A5-273B0E287C30}.Release|Any CPU.ActiveCfg = Release|Any CPU
		{71A97B81-8BD0-4410-B3A5-273B0E287C30}.Release|Any CPU.Build.0 = Release|Any CPU
		{B7904E89-C0B1-4288-BAE5-422AC27EE09F}.Debug|Any CPU.ActiveCfg = Debug|Any CPU
		{B7904E89-C0B1-4288-BAE5-422AC27EE09F}.Debug|Any CPU.Build.0 = Debug|Any CPU
		{B7904E89-C0B1-4288-BAE5-422AC27EE09F}.Release|Any CPU.ActiveCfg = Release|Any CPU
		{B7904E89-C0B1-4288-BAE5-422AC27EE09F}.Release|Any CPU.Build.0 = Release|Any CPU
	EndGlobalSection
	GlobalSection(SolutionProperties) = preSolution
		HideSolutionNode = FALSE
	EndGlobalSection
	GlobalSection(ExtensibilityGlobals) = postSolution
		SolutionGuid = {C9E9FA2F-13F6-463C-8046-32CA9D9673A6}
	EndGlobalSection
EndGlobal
